// !$*UTF8*$!
{
	archiveVersion = 1;
	classes = {
	};
	objectVersion = 46;
	objects = {

/* Begin PBXBuildFile section */
		BFB211111E52A31700EF1BE5 /* main.cpp in Sources */ = {isa = PBXBuildFile; fileRef = BFB211101E52A31700EF1BE5 /* main.cpp */; };
/* End PBXBuildFile section */

/* Begin PBXCopyFilesBuildPhase section */
		BFB2110B1E52A31700EF1BE5 /* CopyFiles */ = {
			isa = PBXCopyFilesBuildPhase;
			buildActionMask = 2147483647;
			dstPath = /usr/share/man/man1/;
			dstSubfolderSpec = 0;
			files = (
			);
			runOnlyForDeploymentPostprocessing = 1;
		};
/* End PBXCopyFilesBuildPhase section */

/* Begin PBXFileReference section */
		BFB2110D1E52A31700EF1BE5 /* Vector_Matrix_Classes */ = {isa = PBXFileReference; explicitFileType = "compiled.mach-o.executable"; includeInIndex = 0; path = Vector_Matrix_Classes; sourceTree = BUILT_PRODUCTS_DIR; };
		BFB211101E52A31700EF1BE5 /* main.cpp */ = {isa = PBXFileReference; lastKnownFileType = sourcecode.cpp.cpp; path = main.cpp; sourceTree = "<group>"; };
		BFB211171E52A37600EF1BE5 /* vector_3dT.h */ = {isa = PBXFileReference; lastKnownFileType = sourcecode.c.h; path = vector_3dT.h; sourceTree = "<group>"; };
		BFB211181E52A41C00EF1BE5 /* matrix_3dT.h */ = {isa = PBXFileReference; lastKnownFileType = sourcecode.c.h; path = matrix_3dT.h; sourceTree = "<group>"; };
/* End PBXFileReference section */

/* Begin PBXFrameworksBuildPhase section */
		BFB2110A1E52A31700EF1BE5 /* Frameworks */ = {
			isa = PBXFrameworksBuildPhase;
			buildActionMask = 2147483647;
			files = (
			);
			runOnlyForDeploymentPostprocessing = 0;
		};
/* End PBXFrameworksBuildPhase section */

/* Begin PBXGroup section */
		BFB211041E52A31700EF1BE5 = {
			isa = PBXGroup;
			children = (
				BFB2110F1E52A31700EF1BE5 /* Vector_Matrix_Classes */,
				BFB2110E1E52A31700EF1BE5 /* Products */,
			);
			sourceTree = "<group>";
		};
		BFB2110E1E52A31700EF1BE5 /* Products */ = {
			isa = PBXGroup;
			children = (
				BFB2110D1E52A31700EF1BE5 /* Vector_Matrix_Classes */,
			);
			name = Products;
			sourceTree = "<group>";
		};
		BFB2110F1E52A31700EF1BE5 /* Vector_Matrix_Classes */ = {
			isa = PBXGroup;
			children = (
				BFB211101E52A31700EF1BE5 /* main.cpp */,
				BFB211171E52A37600EF1BE5 /* vector_3dT.h */,
				BFB211181E52A41C00EF1BE5 /* matrix_3dT.h */,
			);
			path = Vector_Matrix_Classes;
			sourceTree = "<group>";
		};
/* End PBXGroup section */

/* Begin PBXNativeTarget section */
		BFB2110C1E52A31700EF1BE5 /* Vector_Matrix_Classes */ = {
			isa = PBXNativeTarget;
			buildConfigurationList = BFB211141E52A31700EF1BE5 /* Build configuration list for PBXNativeTarget "Vector_Matrix_Classes" */;
			buildPhases = (
				BFB211091E52A31700EF1BE5 /* Sources */,
				BFB2110A1E52A31700EF1BE5 /* Frameworks */,
				BFB2110B1E52A31700EF1BE5 /* CopyFiles */,
			);
			buildRules = (
			);
			dependencies = (
			);
			name = Vector_Matrix_Classes;
			productName = Vector_Matrix_Classes;
			productReference = BFB2110D1E52A31700EF1BE5 /* Vector_Matrix_Classes */;
			productType = "com.apple.product-type.tool";
		};
/* End PBXNativeTarget section */

/* Begin PBXProject section */
		BFB211051E52A31700EF1BE5 /* Project object */ = {
			isa = PBXProject;
			attributes = {
				LastUpgradeCheck = 0720;
				ORGANIZATIONNAME = "bijan hamidi";
				TargetAttributes = {
					BFB2110C1E52A31700EF1BE5 = {
						CreatedOnToolsVersion = 7.2;
					};
				};
			};
			buildConfigurationList = BFB211081E52A31700EF1BE5 /* Build configuration list for PBXProject "Vector_Matrix_Classes" */;
			compatibilityVersion = "Xcode 3.2";
			developmentRegion = English;
			hasScannedForEncodings = 0;
			knownRegions = (
				en,
			);
			mainGroup = BFB211041E52A31700EF1BE5;
			productRefGroup = BFB2110E1E52A31700EF1BE5 /* Products */;
			projectDirPath = "";
			projectRoot = "";
			targets = (
				BFB2110C1E52A31700EF1BE5 /* Vector_Matrix_Classes */,
			);
		};
/* End PBXProject section */

/* Begin PBXSourcesBuildPhase section */
		BFB211091E52A31700EF1BE5 /* Sources */ = {
			isa = PBXSourcesBuildPhase;
			buildActionMask = 2147483647;
			files = (
				BFB211111E52A31700EF1BE5 /* main.cpp in Sources */,
			);
			runOnlyForDeploymentPostprocessing = 0;
		};
/* End PBXSourcesBuildPhase section */

/* Begin XCBuildConfiguration section */
		BFB211121E52A31700EF1BE5 /* Debug */ = {
			isa = XCBuildConfiguration;
			buildSettings = {
				ALWAYS_SEARCH_USER_PATHS = NO;
				CLANG_CXX_LANGUAGE_STANDARD = "gnu++0x";
				CLANG_CXX_LIBRARY = "libc++";
				CLANG_ENABLE_MODULES = YES;
				CLANG_ENABLE_OBJC_ARC = YES;
				CLANG_WARN_BOOL_CONVERSION = YES;
				CLANG_WARN_CONSTANT_CONVERSION = YES;
				CLANG_WARN_DIRECT_OBJC_ISA_USAGE = YES_ERROR;
				CLANG_WARN_EMPTY_BODY = YES;
				CLANG_WARN_ENUM_CONVERSION = YES;
				CLANG_WARN_INT_CONVERSION = YES;
				CLANG_WARN_OBJC_ROOT_CLASS = YES_ERROR;
				CLANG_WARN_UNREACHABLE_CODE = YES;
				CLANG_WARN__DUPLICATE_METHOD_MATCH = YES;
				CODE_SIGN_IDENTITY = "-";
				COPY_PHASE_STRIP = NO;
				DEBUG_INFORMATION_FORMAT = dwarf;
				ENABLE_STRICT_OBJC_MSGSEND = YES;
				ENABLE_TESTABILITY = YES;
				GCC_C_LANGUAGE_STANDARD = gnu99;
				GCC_DYNAMIC_NO_PIC = NO;
				GCC_NO_COMMON_BLOCKS = YES;
				GCC_OPTIMIZATION_LEVEL = 0;
				GCC_PREPROCESSOR_DEFINITIONS = (
					"DEBUG=1",
					"$(inherited)",
				);
				GCC_WARN_64_TO_32_BIT_CONVERSION = YES;
				GCC_WARN_ABOUT_RETURN_TYPE = YES_ERROR;
				GCC_WARN_UNDECLARED_SELECTOR = YES;
				GCC_WARN_UNINITIALIZED_AUTOS = YES_AGGRESSIVE;
				GCC_WARN_UNUSED_FUNCTION = YES;
				GCC_WARN_UNUSED_VARIABLE = YES;
				MACOSX_DEPLOYMENT_TARGET = 10.11;
				MTL_ENABLE_DEBUG_INFO = YES;
				ONLY_ACTIVE_ARCH = YES;
				SDKROOT = macosx;
			};
			name = Debug;
		};
		BFB211131E52A31700EF1BE5 /* Release */ = {
			isa = XCBuildConfiguration;
			buildSettings = {
				ALWAYS_SEARCH_USER_PATHS = NO;
				CLANG_CXX_LANGUAGE_STANDARD = "gnu++0x";
				CLANG_CXX_LIBRARY = "libc++";
				CLANG_ENABLE_MODULES = YES;
				CLANG_ENABLE_OBJC_ARC = YES;
				CLANG_WARN_BOOL_CONVERSION = YES;
				CLANG_WARN_CONSTANT_CONVERSION = YES;
				CLANG_WARN_DIRECT_OBJC_ISA_USAGE = YES_ERROR;
				CLANG_WARN_EMPTY_BODY = YES;
				CLANG_WARN_ENUM_CONVERSION = YES;
				CLANG_WARN_INT_CONVERSION = YES;
				CLANG_WARN_OBJC_ROOT_CLASS = YES_ERROR;
				CLANG_WARN_UNREACHABLE_CODE = YES;
				CLANG_WARN__DUPLICATE_METHOD_MATCH = YES;
				CODE_SIGN_IDENTITY = "-";
				COPY_PHASE_STRIP = NO;
				DEBUG_INFORMATION_FORMAT = "dwarf-with-dsym";
				ENABLE_NS_ASSERTIONS = NO;
				ENABLE_STRICT_OBJC_MSGSEND = YES;
				GCC_C_LANGUAGE_STANDARD = gnu99;
				GCC_NO_COMMON_BLOCKS = YES;
				GCC_WARN_64_TO_32_BIT_CONVERSION = YES;
				GCC_WARN_ABOUT_RETURN_TYPE = YES_ERROR;
				GCC_WARN_UNDECLARED_SELECTOR = YES;
				GCC_WARN_UNINITIALIZED_AUTOS = YES_AGGRESSIVE;
				GCC_WARN_UNUSED_FUNCTION = YES;
				GCC_WARN_UNUSED_VARIABLE = YES;
				MACOSX_DEPLOYMENT_TARGET = 10.11;
				MTL_ENABLE_DEBUG_INFO = NO;
				SDKROOT = macosx;
			};
			name = Release;
		};
		BFB211151E52A31700EF1BE5 /* Debug */ = {
			isa = XCBuildConfiguration;
			buildSettings = {
				PRODUCT_NAME = "$(TARGET_NAME)";
			};
			name = Debug;
		};
		BFB211161E52A31700EF1BE5 /* Release */ = {
			isa = XCBuildConfiguration;
			buildSettings = {
				PRODUCT_NAME = "$(TARGET_NAME)";
			};
			name = Release;
		};
/* End XCBuildConfiguration section */

/* Begin XCConfigurationList section */
		BFB211081E52A31700EF1BE5 /* Build configuration list for PBXProject "Vector_Matrix_Classes" */ = {
			isa = XCConfigurationList;
			buildConfigurations = (
				BFB211121E52A31700EF1BE5 /* Debug */,
				BFB211131E52A31700EF1BE5 /* Release */,
			);
			defaultConfigurationIsVisible = 0;
			defaultConfigurationName = Release;
		};
		BFB211141E52A31700EF1BE5 /* Build configuration list for PBXNativeTarget "Vector_Matrix_Classes" */ = {
			isa = XCConfigurationList;
			buildConfigurations = (
				BFB211151E52A31700EF1BE5 /* Debug */,
				BFB211161E52A31700EF1BE5 /* Release */,
			);
			defaultConfigurationIsVisible = 0;
		};
/* End XCConfigurationList section */
	};
	rootObject = BFB211051E52A31700EF1BE5 /* Project object */;
}
